
Microsoft Visual Studio Solution File, Format Version 12.00
# Visual Studio Version 17
VisualStudioVersion = 17.1.32328.378
MinimumVisualStudioVersion = 10.0.40219.1
Project("{FAE04EC0-301F-11D3-BF4B-00C04F79EFBC}") = "AspNet_Redis", "AspNet_Redis\AspNet_Redis.csproj", "{AB1BE1CD-9734-473C-A8FC-CC8CB7A49238}"
EndProject
Global
	GlobalSection(SolutionConfigurationPlatforms) = preSolution
		Debug|Any CPU = Debug|Any CPU
		Release|Any CPU = Release|Any CPU
	EndGlobalSection
	GlobalSection(ProjectConfigurationPlatforms) = postSolution
		{AB1BE1CD-9734-473C-A8FC-CC8CB7A49238}.Debug|Any CPU.ActiveCfg = Debug|Any CPU
		{AB1BE1CD-9734-473C-A8FC-CC8CB7A49238}.Debug|Any CPU.Build.0 = Debug|Any CPU
		{AB1BE1CD-9734-473C-A8FC-CC8CB7A49238}.Release|Any CPU.ActiveCfg = Release|Any CPU
		{AB1BE1CD-9734-473C-A8FC-CC8CB7A49238}.Release|Any CPU.Build.0 = Release|Any CPU
	EndGlobalSection
	GlobalSection(SolutionProperties) = preSolution
		HideSolutionNode = FALSE
	EndGlobalSection
	GlobalSection(ExtensibilityGlobals) = postSolution
		SolutionGuid = {6AE130D5-68BB-45A7-881D-0E9F5F296191}
	EndGlobalSection
EndGlobal
